
Microsoft Visual Studio Solution File, Format Version 12.00
# Visual Studio Version 17
VisualStudioVersion = 17.6.33712.159
MinimumVisualStudioVersion = 10.0.40219.1
Project("{FAE04EC0-301F-11D3-BF4B-00C04F79EFBC}") = "CatFeedAPI", "CatFeedAPI\CatFeedAPI.csproj", "{FB8FD7EE-825C-48F9-AEEC-7EB4B3280DDA}"
EndProject
Global
	GlobalSection(SolutionConfigurationPlatforms) = preSolution
		Debug|Any CPU = Debug|Any CPU
		Release|Any CPU = Release|Any CPU
	EndGlobalSection
	GlobalSection(ProjectConfigurationPlatforms) = postSolution
		{FB8FD7EE-825C-48F9-AEEC-7EB4B3280DDA}.Debug|Any CPU.ActiveCfg = Debug|Any CPU
		{FB8FD7EE-825C-48F9-AEEC-7EB4B3280DDA}.Debug|Any CPU.Build.0 = Debug|Any CPU
		{FB8FD7EE-825C-48F9-AEEC-7EB4B3280DDA}.Release|Any CPU.ActiveCfg = Release|Any CPU
		{FB8FD7EE-825C-48F9-AEEC-7EB4B3280DDA}.Release|Any CPU.Build.0 = Release|Any CPU
	EndGlobalSection
	GlobalSection(SolutionProperties) = preSolution
		HideSolutionNode = FALSE
	EndGlobalSection
	GlobalSection(ExtensibilityGlobals) = postSolution
		SolutionGuid = {E9F5DD57-CC52-4267-958D-C21EF0883EFC}
	EndGlobalSection
EndGlobal
